# Auto-generated by mcpp. Do not edit by hand.
version = 2

[package."compat.openssl"]
namespace = "compat"
version = "3.5.1"
source  = "index+compat@3.5.1"
hash    = "fnv1a:efdd5f36517b5b4b"

[package."compat.zlib"]
namespace = "compat"
version = "1.3.2"
source  = "index+compat@1.3.2"
hash    = "fnv1a:bdaebe9f0e2d9fc8"

[package."compat.zstd"]
namespace = "compat"
version = "1.5.7"
source  = "index+compat@1.5.7"
hash    = "fnv1a:39bd917138f6885a"
